
Microsoft Visual Studio Solution File, Format Version 11.00
# Visual Studio 2010
Project("{8BC9CEB8-8B4A-11D0-8D11-00A0C91BC942}") = "black jack", "black jack\black jack.vcxproj", "{B1DE8553-9363-4C23-B79E-77E2A7F428C7}"
EndProject
Global
	GlobalSection(SolutionConfigurationPlatforms) = preSolution
		Debug|Win32 = Debug|Win32
		Release|Win32 = Release|Win32
	EndGlobalSection
	GlobalSection(ProjectConfigurationPlatforms) = postSolution
		{B1DE8553-9363-4C23-B79E-77E2A7F428C7}.Debug|Win32.ActiveCfg = Debug|Win32
		{B1DE8553-9363-4C23-B79E-77E2A7F428C7}.Debug|Win32.Build.0 = Debug|Win32
		{B1DE8553-9363-4C23-B79E-77E2A7F428C7}.Release|Win32.ActiveCfg = Release|Win32
		{B1DE8553-9363-4C23-B79E-77E2A7F428C7}.Release|Win32.Build.0 = Release|Win32
	EndGlobalSection
	GlobalSection(SolutionProperties) = preSolution
		HideSolutionNode = FALSE
	EndGlobalSection
EndGlobal
